
Microsoft Visual Studio Solution File, Format Version 12.00
# Visual Studio Version 17
VisualStudioVersion = 17.0.32112.339
MinimumVisualStudioVersion = 10.0.40219.1
Project("{FAE04EC0-301F-11D3-BF4B-00C04F79EFBC}") = "ProjectSA", "ProjectSA\ProjectSA.csproj", "{4D897AFA-99A8-473D-A73A-7E950F8BB058}"
EndProject
Global
	GlobalSection(SolutionConfigurationPlatforms) = preSolution
		Debug|Any CPU = Debug|Any CPU
		Release|Any CPU = Release|Any CPU
	EndGlobalSection
	GlobalSection(ProjectConfigurationPlatforms) = postSolution
		{4D897AFA-99A8-473D-A73A-7E950F8BB058}.Debug|Any CPU.ActiveCfg = Debug|Any CPU
		{4D897AFA-99A8-473D-A73A-7E950F8BB058}.Debug|Any CPU.Build.0 = Debug|Any CPU
		{4D897AFA-99A8-473D-A73A-7E950F8BB058}.Release|Any CPU.ActiveCfg = Release|Any CPU
		{4D897AFA-99A8-473D-A73A-7E950F8BB058}.Release|Any CPU.Build.0 = Release|Any CPU
	EndGlobalSection
	GlobalSection(SolutionProperties) = preSolution
		HideSolutionNode = FALSE
	EndGlobalSection
	GlobalSection(ExtensibilityGlobals) = postSolution
		SolutionGuid = {EADD8C9A-0E1D-41F8-BDF7-621C30EA0436}
	EndGlobalSection
EndGlobal
